
Microsoft Visual Studio Solution File, Format Version 12.00
# Visual Studio 15
VisualStudioVersion = 15.0.28010.2041
MinimumVisualStudioVersion = 10.0.40219.1
Project("{FAE04EC0-301F-11D3-BF4B-00C04F79EFBC}") = "Runner", "Runner\Runner.csproj", "{9722E2B6-F0BF-44C8-BDB7-2E375ED787EB}"
EndProject
Global
	GlobalSection(SolutionConfigurationPlatforms) = preSolution
		Debug|Any CPU = Debug|Any CPU
		Release|Any CPU = Release|Any CPU
	EndGlobalSection
	GlobalSection(ProjectConfigurationPlatforms) = postSolution
		{9722E2B6-F0BF-44C8-BDB7-2E375ED787EB}.Debug|Any CPU.ActiveCfg = Debug|Any CPU
		{9722E2B6-F0BF-44C8-BDB7-2E375ED787EB}.Debug|Any CPU.Build.0 = Debug|Any CPU
		{9722E2B6-F0BF-44C8-BDB7-2E375ED787EB}.Release|Any CPU.ActiveCfg = Release|Any CPU
		{9722E2B6-F0BF-44C8-BDB7-2E375ED787EB}.Release|Any CPU.Build.0 = Release|Any CPU
	EndGlobalSection
	GlobalSection(SolutionProperties) = preSolution
		HideSolutionNode = FALSE
	EndGlobalSection
	GlobalSection(ExtensibilityGlobals) = postSolution
		SolutionGuid = {F896DD5F-1CD2-496F-BB3E-00DF93E2890F}
	EndGlobalSection
EndGlobal
